<?xml version="1.0" encoding="utf-8"?>
<Project ToolsVersion="4.0" xmlns="http://schemas.microsoft.com/developer/msbuild/2003">
  <ItemGroup>
    <ClCompile Include="source\mv_management_app.cpp" />
    <ClCompile Include="source\mv_management_dialog.cpp" />
    <ClCompile Include="source\my_list_ctrl.cpp" />
    <ClCompile Include="source\all_song_list_dialog.cpp" />
    <ClCompile Include="source\splitter_dialog.cpp" />
    <ClCompile Include="source\my_left_listview.cpp" />
    <ClCompile Include="source\my_right_listview.cpp" />
    <ClCompile Include="source\search_dialog.cpp" />
    <ClCompile Include="source\common.cpp" />
    <ClCompile Include="source\jpeg_tool.cpp" />
    <ClCompile Include="source\preview_dialog.cpp" />
    <ClCompile Include="source\util.cpp" />
    <ClCompile Include="source\preview_upload.cpp" />
  </ItemGroup>
  <ItemGroup>
    <ClInclude Include="source\targetver.h" />
    <ClInclude Include="source\mfc_predefine.h" />
    <ClInclude Include="resource\Resource.h">
      <Filter>%28resource%29</Filter>
    </ClInclude>
    <ClInclude Include="source\mv_management_app.h" />
    <ClInclude Include="source\mv_management_dialog.h" />
    <ClInclude Include="stdafx.h" />
    <ClInclude Include="source\my_list_ctrl.h" />
    <ClInclude Include="source\all_song_list_dialog.h" />
    <ClInclude Include="source\splitter_dialog.h" />
    <ClInclude Include="source\my_left_listview.h" />
    <ClInclude Include="source\list_item_define.h" />
    <ClInclude Include="source\my_right_listview.h" />
    <ClInclude Include="source\search_dialog.h" />
    <ClInclude Include="source\common.h" />
    <ClInclude Include="source\jpeg_tool.h" />
    <ClInclude Include="source\preview_dialog.h" />
    <ClInclude Include="source\util.h" />
    <ClInclude Include="source\preview_upload.h" />
  </ItemGroup>
  <ItemGroup>
    <Filter Include="%28resource%29">
      <UniqueIdentifier>{959cd5be-0f2a-4bfd-91ec-6dfc140cf925}</UniqueIdentifier>
    </Filter>
  </ItemGroup>
  <ItemGroup>
    <ResourceCompile Include="resource\mv_management.rc">
      <Filter>%28resource%29</Filter>
    </ResourceCompile>
  </ItemGroup>
  <ItemGroup>
    <None Include="resource\mv_management.rc2">
      <Filter>%28resource%29</Filter>
    </None>
    <None Include="resource\mv_management.ico">
      <Filter>%28resource%29</Filter>
    </None>
    <None Include="resource\none.bmp">
      <Filter>%28resource%29</Filter>
    </None>
  </ItemGroup>
</Project>